
Microsoft Visual Studio Solution File, Format Version 12.00
# Visual Studio Version 17
VisualStudioVersion = 17.11.35222.181
MinimumVisualStudioVersion = 10.0.40219.1
Project("{FAE04EC0-301F-11D3-BF4B-00C04F79EFBC}") = "01_MainSubjects", "01_MainSubject\01_MainSubjects.csproj", "{EF5C2CF2-5DB0-41EB-87A0-BFBD29A47BFC}"
EndProject
Project("{FAE04EC0-301F-11D3-BF4B-00C04F79EFBC}") = "_Variables", "_Variables\_Variables.csproj", "{A96260D6-D839-46D3-8C2A-F4FE731B26F1}"
EndProject
Global
	GlobalSection(SolutionConfigurationPlatforms) = preSolution
		Debug|Any CPU = Debug|Any CPU
		Release|Any CPU = Release|Any CPU
	EndGlobalSection
	GlobalSection(ProjectConfigurationPlatforms) = postSolution
		{EF5C2CF2-5DB0-41EB-87A0-BFBD29A47BFC}.Debug|Any CPU.ActiveCfg = Debug|Any CPU
		{EF5C2CF2-5DB0-41EB-87A0-BFBD29A47BFC}.Debug|Any CPU.Build.0 = Debug|Any CPU
		{EF5C2CF2-5DB0-41EB-87A0-BFBD29A47BFC}.Release|Any CPU.ActiveCfg = Release|Any CPU
		{EF5C2CF2-5DB0-41EB-87A0-BFBD29A47BFC}.Release|Any CPU.Build.0 = Release|Any CPU
		{A96260D6-D839-46D3-8C2A-F4FE731B26F1}.Debug|Any CPU.ActiveCfg = Debug|Any CPU
		{A96260D6-D839-46D3-8C2A-F4FE731B26F1}.Debug|Any CPU.Build.0 = Debug|Any CPU
		{A96260D6-D839-46D3-8C2A-F4FE731B26F1}.Release|Any CPU.ActiveCfg = Release|Any CPU
		{A96260D6-D839-46D3-8C2A-F4FE731B26F1}.Release|Any CPU.Build.0 = Release|Any CPU
	EndGlobalSection
	GlobalSection(SolutionProperties) = preSolution
		HideSolutionNode = FALSE
	EndGlobalSection
	GlobalSection(ExtensibilityGlobals) = postSolution
		SolutionGuid = {39B19D1E-E826-4744-BB49-6BACD466F529}
	EndGlobalSection
EndGlobal
